// !$*UTF8*$!
{
	archiveVersion = 1;
	classes = {
	};
	objectVersion = 48;
	objects = {

/* Begin PBXBuildFile section */
		372008C32080450E006BD145 /* CategoriesViewController.swift in Sources */ = {isa = PBXBuildFile; fileRef = 372008C22080450E006BD145 /* CategoriesViewController.swift */; };
		372008C52080617D006BD145 /* DetailCell.swift in Sources */ = {isa = PBXBuildFile; fileRef = 372008C42080617D006BD145 /* DetailCell.swift */; };
		3764DE1F207090570074C1C7 /* AppDelegate.swift in Sources */ = {isa = PBXBuildFile; fileRef = 3764DE1E207090570074C1C7 /* AppDelegate.swift */; };
		3764DE21207090570074C1C7 /* ViewController.swift in Sources */ = {isa = PBXBuildFile; fileRef = 3764DE20207090570074C1C7 /* ViewController.swift */; };
		3764DE24207090580074C1C7 /* Main.storyboard in Resources */ = {isa = PBXBuildFile; fileRef = 3764DE22207090580074C1C7 /* Main.storyboard */; };
		3764DE26207090580074C1C7 /* Assets.xcassets in Resources */ = {isa = PBXBuildFile; fileRef = 3764DE25207090580074C1C7 /* Assets.xcassets */; };
		3764DE29207090580074C1C7 /* LaunchScreen.storyboard in Resources */ = {isa = PBXBuildFile; fileRef = 3764DE27207090580074C1C7 /* LaunchScreen.storyboard */; };
		3764DE31207098460074C1C7 /* GoogleService-Info.plist in Resources */ = {isa = PBXBuildFile; fileRef = 3764DE30207098460074C1C7 /* GoogleService-Info.plist */; };
		49EAED3BA2B0A36BE15CF2B2 /* Pods_ServerlessContactAppExample.framework in Frameworks */ = {isa = PBXBuildFile; fileRef = 005F730B8AEA3AE4073A1833 /* Pods_ServerlessContactAppExample.framework */; };
/* End PBXBuildFile section */

/* Begin PBXFileReference section */
		005F730B8AEA3AE4073A1833 /* Pods_ServerlessContactAppExample.framework */ = {isa = PBXFileReference; explicitFileType = wrapper.framework; includeInIndex = 0; path = Pods_ServerlessContactAppExample.framework; sourceTree = BUILT_PRODUCTS_DIR; };
		372008C22080450E006BD145 /* CategoriesViewController.swift */ = {isa = PBXFileReference; lastKnownFileType = sourcecode.swift; path = CategoriesViewController.swift; sourceTree = "<group>"; };
		372008C42080617D006BD145 /* DetailCell.swift */ = {isa = PBXFileReference; lastKnownFileType = sourcecode.swift; path = DetailCell.swift; sourceTree = "<group>"; };
		372008C820808127006BD145 /* BridgingHeader.h */ = {isa = PBXFileReference; lastKnownFileType = sourcecode.c.h; path = BridgingHeader.h; sourceTree = "<group>"; };
		3764DE1B207090570074C1C7 /* ServerlessContactAppExample.app */ = {isa = PBXFileReference; explicitFileType = wrapper.application; includeInIndex = 0; path = ServerlessContactAppExample.app; sourceTree = BUILT_PRODUCTS_DIR; };
		3764DE1E207090570074C1C7 /* AppDelegate.swift */ = {isa = PBXFileReference; lastKnownFileType = sourcecode.swift; path = AppDelegate.swift; sourceTree = "<group>"; };
		3764DE20207090570074C1C7 /* ViewController.swift */ = {isa = PBXFileReference; lastKnownFileType = sourcecode.swift; path = ViewController.swift; sourceTree = "<group>"; };
		3764DE23207090580074C1C7 /* Base */ = {isa = PBXFileReference; lastKnownFileType = file.storyboard; name = Base; path = Base.lproj/Main.storyboard; sourceTree = "<group>"; };
		3764DE25207090580074C1C7 /* Assets.xcassets */ = {isa = PBXFileReference; lastKnownFileType = folder.assetcatalog; path = Assets.xcassets; sourceTree = "<group>"; };
		3764DE28207090580074C1C7 /* Base */ = {isa = PBXFileReference; lastKnownFileType = file.storyboard; name = Base; path = Base.lproj/LaunchScreen.storyboard; sourceTree = "<group>"; };
		3764DE2A207090580074C1C7 /* Info.plist */ = {isa = PBXFileReference; lastKnownFileType = text.plist.xml; path = Info.plist; sourceTree = "<group>"; };
		3764DE30207098460074C1C7 /* GoogleService-Info.plist */ = {isa = PBXFileReference; fileEncoding = 4; lastKnownFileType = text.plist.xml; name = "GoogleService-Info.plist"; path = "../../GoogleService-Info.plist"; sourceTree = "<group>"; };
		61758AE91362AEB0CE441F9A /* Pods-ServerlessContactAppExample.debug.xcconfig */ = {isa = PBXFileReference; includeInIndex = 1; lastKnownFileType = text.xcconfig; name = "Pods-ServerlessContactAppExample.debug.xcconfig"; path = "Pods/Target Support Files/Pods-ServerlessContactAppExample/Pods-ServerlessContactAppExample.debug.xcconfig"; sourceTree = "<group>"; };
		7018C0542053591F799CD997 /* Pods-ServerlessContactAppExample.release.xcconfig */ = {isa = PBXFileReference; includeInIndex = 1; lastKnownFileType = text.xcconfig; name = "Pods-ServerlessContactAppExample.release.xcconfig"; path = "Pods/Target Support Files/Pods-ServerlessContactAppExample/Pods-ServerlessContactAppExample.release.xcconfig"; sourceTree = "<group>"; };
/* End PBXFileReference section */

/* Begin PBXFrameworksBuildPhase section */
		3764DE18207090570074C1C7 /* Frameworks */ = {
			isa = PBXFrameworksBuildPhase;
			buildActionMask = 2147483647;
			files = (
				49EAED3BA2B0A36BE15CF2B2 /* Pods_ServerlessContactAppExample.framework in Frameworks */,
			);
			runOnlyForDeploymentPostprocessing = 0;
		};
/* End PBXFrameworksBuildPhase section */

/* Begin PBXGroup section */
		089525EF5DB62BAA133BAF35 /* Frameworks */ = {
			isa = PBXGroup;
			children = (
				005F730B8AEA3AE4073A1833 /* Pods_ServerlessContactAppExample.framework */,
			);
			name = Frameworks;
			sourceTree = "<group>";
		};
		35F9ADEFEB3686BADBA9786F /* Pods */ = {
			isa = PBXGroup;
			children = (
				61758AE91362AEB0CE441F9A /* Pods-ServerlessContactAppExample.debug.xcconfig */,
				7018C0542053591F799CD997 /* Pods-ServerlessContactAppExample.release.xcconfig */,
			);
			name = Pods;
			sourceTree = "<group>";
		};
		3764DE12207090570074C1C7 = {
			isa = PBXGroup;
			children = (
				3764DE1D207090570074C1C7 /* ServerlessContactAppExample */,
				3764DE1C207090570074C1C7 /* Products */,
				35F9ADEFEB3686BADBA9786F /* Pods */,
				089525EF5DB62BAA133BAF35 /* Frameworks */,
			);
			sourceTree = "<group>";
		};
		3764DE1C207090570074C1C7 /* Products */ = {
			isa = PBXGroup;
			children = (
				3764DE1B207090570074C1C7 /* ServerlessContactAppExample.app */,
			);
			name = Products;
			sourceTree = "<group>";
		};
		3764DE1D207090570074C1C7 /* ServerlessContactAppExample */ = {
			isa = PBXGroup;
			children = (
				3764DE1E207090570074C1C7 /* AppDelegate.swift */,
				3764DE20207090570074C1C7 /* ViewController.swift */,
				372008C22080450E006BD145 /* CategoriesViewController.swift */,
				372008C42080617D006BD145 /* DetailCell.swift */,
				3764DE22207090580074C1C7 /* Main.storyboard */,
				3764DE27207090580074C1C7 /* LaunchScreen.storyboard */,
				3764DE25207090580074C1C7 /* Assets.xcassets */,
				3764DE2A207090580074C1C7 /* Info.plist */,
				3764DE30207098460074C1C7 /* GoogleService-Info.plist */,
				372008C820808127006BD145 /* BridgingHeader.h */,
			);
			path = ServerlessContactAppExample;
			sourceTree = "<group>";
		};
/* End PBXGroup section */

/* Begin PBXNativeTarget section */
		3764DE1A207090570074C1C7 /* ServerlessContactAppExample */ = {
			isa = PBXNativeTarget;
			buildConfigurationList = 3764DE2D207090580074C1C7 /* Build configuration list for PBXNativeTarget "ServerlessContactAppExample" */;
			buildPhases = (
				C2F43215F88D98359D9912CD /* [CP] Check Pods Manifest.lock */,
				3764DE17207090570074C1C7 /* Sources */,
				3764DE18207090570074C1C7 /* Frameworks */,
				3764DE19207090570074C1C7 /* Resources */,
				23BD88A408F54B2C94B8635A /* [CP] Embed Pods Frameworks */,
				B3ADD5E8EC34D956AA29F702 /* [CP] Copy Pods Resources */,
			);
			buildRules = (
			);
			dependencies = (
			);
			name = ServerlessContactAppExample;
			productName = ContactWithFirebaseExample;
			productReference = 3764DE1B207090570074C1C7 /* ServerlessContactAppExample.app */;
			productType = "com.apple.product-type.application";
		};
/* End PBXNativeTarget section */

/* Begin PBXProject section */
		3764DE13207090570074C1C7 /* Project object */ = {
			isa = PBXProject;
			attributes = {
				LastSwiftUpdateCheck = 0920;
				LastUpgradeCheck = 0920;
				ORGANIZATIONNAME = UROURO;
				TargetAttributes = {
					3764DE1A207090570074C1C7 = {
						CreatedOnToolsVersion = 9.2;
						ProvisioningStyle = Automatic;
					};
				};
			};
			buildConfigurationList = 3764DE16207090570074C1C7 /* Build configuration list for PBXProject "ServerlessContactAppExample" */;
			compatibilityVersion = "Xcode 8.0";
			developmentRegion = en;
			hasScannedForEncodings = 0;
			knownRegions = (
				en,
				Base,
			);
			mainGroup = 3764DE12207090570074C1C7;
			productRefGroup = 3764DE1C207090570074C1C7 /* Products */;
			projectDirPath = "";
			projectRoot = "";
			targets = (
				3764DE1A207090570074C1C7 /* ServerlessContactAppExample */,
			);
		};
/* End PBXProject section */

/* Begin PBXResourcesBuildPhase section */
		3764DE19207090570074C1C7 /* Resources */ = {
			isa = PBXResourcesBuildPhase;
			buildActionMask = 2147483647;
			files = (
				3764DE29207090580074C1C7 /* LaunchScreen.storyboard in Resources */,
				3764DE31207098460074C1C7 /* GoogleService-Info.plist in Resources */,
				3764DE26207090580074C1C7 /* Assets.xcassets in Resources */,
				3764DE24207090580074C1C7 /* Main.storyboard in Resources */,
			);
			runOnlyForDeploymentPostprocessing = 0;
		};
/* End PBXResourcesBuildPhase section */

/* Begin PBXShellScriptBuildPhase section */
		23BD88A408F54B2C94B8635A /* [CP] Embed Pods Frameworks */ = {
			isa = PBXShellScriptBuildPhase;
			buildActionMask = 2147483647;
			files = (
			);
			inputPaths = (
				"${SRCROOT}/Pods/Target Support Files/Pods-ServerlessContactAppExample/Pods-ServerlessContactAppExample-frameworks.sh",
				"${BUILT_PRODUCTS_DIR}/BoringSSL/openssl.framework",
				"${BUILT_PRODUCTS_DIR}/GoogleToolboxForMac/GoogleToolboxForMac.framework",
				"${BUILT_PRODUCTS_DIR}/Protobuf/Protobuf.framework",
				"${BUILT_PRODUCTS_DIR}/gRPC/GRPCClient.framework",
				"${BUILT_PRODUCTS_DIR}/gRPC-Core/grpc.framework",
				"${BUILT_PRODUCTS_DIR}/gRPC-ProtoRPC/ProtoRPC.framework",
				"${BUILT_PRODUCTS_DIR}/gRPC-RxLibrary/RxLibrary.framework",
				"${BUILT_PRODUCTS_DIR}/leveldb-library/leveldb.framework",
				"${BUILT_PRODUCTS_DIR}/nanopb/nanopb.framework",
			);
			name = "[CP] Embed Pods Frameworks";
			outputPaths = (
				"${TARGET_BUILD_DIR}/${FRAMEWORKS_FOLDER_PATH}/openssl.framework",
				"${TARGET_BUILD_DIR}/${FRAMEWORKS_FOLDER_PATH}/GoogleToolboxForMac.framework",
				"${TARGET_BUILD_DIR}/${FRAMEWORKS_FOLDER_PATH}/Protobuf.framework",
				"${TARGET_BUILD_DIR}/${FRAMEWORKS_FOLDER_PATH}/GRPCClient.framework",
				"${TARGET_BUILD_DIR}/${FRAMEWORKS_FOLDER_PATH}/grpc.framework",
				"${TARGET_BUILD_DIR}/${FRAMEWORKS_FOLDER_PATH}/ProtoRPC.framework",
				"${TARGET_BUILD_DIR}/${FRAMEWORKS_FOLDER_PATH}/RxLibrary.framework",
				"${TARGET_BUILD_DIR}/${FRAMEWORKS_FOLDER_PATH}/leveldb.framework",
				"${TARGET_BUILD_DIR}/${FRAMEWORKS_FOLDER_PATH}/nanopb.framework",
			);
			runOnlyForDeploymentPostprocessing = 0;
			shellPath = /bin/sh;
			shellScript = "\"${SRCROOT}/Pods/Target Support Files/Pods-ServerlessContactAppExample/Pods-ServerlessContactAppExample-frameworks.sh\"\n";
			showEnvVarsInLog = 0;
		};
		B3ADD5E8EC34D956AA29F702 /* [CP] Copy Pods Resources */ = {
			isa = PBXShellScriptBuildPhase;
			buildActionMask = 2147483647;
			files = (
			);
			inputPaths = (
			);
			name = "[CP] Copy Pods Resources";
			outputPaths = (
			);
			runOnlyForDeploymentPostprocessing = 0;
			shellPath = /bin/sh;
			shellScript = "\"${SRCROOT}/Pods/Target Support Files/Pods-ServerlessContactAppExample/Pods-ServerlessContactAppExample-resources.sh\"\n";
			showEnvVarsInLog = 0;
		};
		C2F43215F88D98359D9912CD /* [CP] Check Pods Manifest.lock */ = {
			isa = PBXShellScriptBuildPhase;
			buildActionMask = 2147483647;
			files = (
			);
			inputPaths = (
				"${PODS_PODFILE_DIR_PATH}/Podfile.lock",
				"${PODS_ROOT}/Manifest.lock",
			);
			name = "[CP] Check Pods Manifest.lock";
			outputPaths = (
				"$(DERIVED_FILE_DIR)/Pods-ServerlessContactAppExample-checkManifestLockResult.txt",
			);
			runOnlyForDeploymentPostprocessing = 0;
			shellPath = /bin/sh;
			shellScript = "diff \"${PODS_PODFILE_DIR_PATH}/Podfile.lock\" \"${PODS_ROOT}/Manifest.lock\" > /dev/null\nif [ $? != 0 ] ; then\n    # print error to STDERR\n    echo \"error: The sandbox is not in sync with the Podfile.lock. Run 'pod install' or update your CocoaPods installation.\" >&2\n    exit 1\nfi\n# This output is used by Xcode 'outputs' to avoid re-running this script phase.\necho \"SUCCESS\" > \"${SCRIPT_OUTPUT_FILE_0}\"\n";
			showEnvVarsInLog = 0;
		};
/* End PBXShellScriptBuildPhase section */

/* Begin PBXSourcesBuildPhase section */
		3764DE17207090570074C1C7 /* Sources */ = {
			isa = PBXSourcesBuildPhase;
			buildActionMask = 2147483647;
			files = (
				3764DE21207090570074C1C7 /* ViewController.swift in Sources */,
				3764DE1F207090570074C1C7 /* AppDelegate.swift in Sources */,
				372008C52080617D006BD145 /* DetailCell.swift in Sources */,
				372008C32080450E006BD145 /* CategoriesViewController.swift in Sources */,
			);
			runOnlyForDeploymentPostprocessing = 0;
		};
/* End PBXSourcesBuildPhase section */

/* Begin PBXVariantGroup section */
		3764DE22207090580074C1C7 /* Main.storyboard */ = {
			isa = PBXVariantGroup;
			children = (
				3764DE23207090580074C1C7 /* Base */,
			);
			name = Main.storyboard;
			sourceTree = "<group>";
		};
		3764DE27207090580074C1C7 /* LaunchScreen.storyboard */ = {
			isa = PBXVariantGroup;
			children = (
				3764DE28207090580074C1C7 /* Base */,
			);
			name = LaunchScreen.storyboard;
			sourceTree = "<group>";
		};
/* End PBXVariantGroup section */

/* Begin XCBuildConfiguration section */
		3764DE2B207090580074C1C7 /* Debug */ = {
			isa = XCBuildConfiguration;
			buildSettings = {
				ALWAYS_SEARCH_USER_PATHS = NO;
				CLANG_ANALYZER_NONNULL = YES;
				CLANG_ANALYZER_NUMBER_OBJECT_CONVERSION = YES_AGGRESSIVE;
				CLANG_CXX_LANGUAGE_STANDARD = "gnu++14";
				CLANG_CXX_LIBRARY = "libc++";
				CLANG_ENABLE_MODULES = YES;
				CLANG_ENABLE_OBJC_ARC = YES;
				CLANG_WARN_BLOCK_CAPTURE_AUTORELEASING = YES;
				CLANG_WARN_BOOL_CONVERSION = YES;
				CLANG_WARN_COMMA = YES;
				CLANG_WARN_CONSTANT_CONVERSION = YES;
				CLANG_WARN_DIRECT_OBJC_ISA_USAGE = YES_ERROR;
				CLANG_WARN_DOCUMENTATION_COMMENTS = YES;
				CLANG_WARN_EMPTY_BODY = YES;
				CLANG_WARN_ENUM_CONVERSION = YES;
				CLANG_WARN_INFINITE_RECURSION = YES;
				CLANG_WARN_INT_CONVERSION = YES;
				CLANG_WARN_NON_LITERAL_NULL_CONVERSION = YES;
				CLANG_WARN_OBJC_LITERAL_CONVERSION = YES;
				CLANG_WARN_OBJC_ROOT_CLASS = YES_ERROR;
				CLANG_WARN_RANGE_LOOP_ANALYSIS = YES;
				CLANG_WARN_STRICT_PROTOTYPES = YES;
				CLANG_WARN_SUSPICIOUS_MOVE = YES;
				CLANG_WARN_UNGUARDED_AVAILABILITY = YES_AGGRESSIVE;
				CLANG_WARN_UNREACHABLE_CODE = YES;
				CLANG_WARN__DUPLICATE_METHOD_MATCH = YES;
				CODE_SIGN_IDENTITY = "iPhone Developer";
				COPY_PHASE_STRIP = NO;
				DEBUG_INFORMATION_FORMAT = dwarf;
				ENABLE_STRICT_OBJC_MSGSEND = YES;
				ENABLE_TESTABILITY = YES;
				GCC_C_LANGUAGE_STANDARD = gnu11;
				GCC_DYNAMIC_NO_PIC = NO;
				GCC_NO_COMMON_BLOCKS = YES;
				GCC_OPTIMIZATION_LEVEL = 0;
				GCC_PREPROCESSOR_DEFINITIONS = (
					"DEBUG=1",
					"$(inherited)",
				);
				GCC_WARN_64_TO_32_BIT_CONVERSION = YES;
				GCC_WARN_ABOUT_RETURN_TYPE = YES_ERROR;
				GCC_WARN_UNDECLARED_SELECTOR = YES;
				GCC_WARN_UNINITIALIZED_AUTOS = YES_AGGRESSIVE;
				GCC_WARN_UNUSED_FUNCTION = YES;
				GCC_WARN_UNUSED_VARIABLE = YES;
				IPHONEOS_DEPLOYMENT_TARGET = 11.2;
				MTL_ENABLE_DEBUG_INFO = YES;
				ONLY_ACTIVE_ARCH = YES;
				SDKROOT = iphoneos;
				SWIFT_ACTIVE_COMPILATION_CONDITIONS = DEBUG;
				SWIFT_OPTIMIZATION_LEVEL = "-Onone";
			};
			name = Debug;
		};
		3764DE2C207090580074C1C7 /* Release */ = {
			isa = XCBuildConfiguration;
			buildSettings = {
				ALWAYS_SEARCH_USER_PATHS = NO;
				CLANG_ANALYZER_NONNULL = YES;
				CLANG_ANALYZER_NUMBER_OBJECT_CONVERSION = YES_AGGRESSIVE;
				CLANG_CXX_LANGUAGE_STANDARD = "gnu++14";
				CLANG_CXX_LIBRARY = "libc++";
				CLANG_ENABLE_MODULES = YES;
				CLANG_ENABLE_OBJC_ARC = YES;
				CLANG_WARN_BLOCK_CAPTURE_AUTORELEASING = YES;
				CLANG_WARN_BOOL_CONVERSION = YES;
				CLANG_WARN_COMMA = YES;
				CLANG_WARN_CONSTANT_CONVERSION = YES;
				CLANG_WARN_DIRECT_OBJC_ISA_USAGE = YES_ERROR;
				CLANG_WARN_DOCUMENTATION_COMMENTS = YES;
				CLANG_WARN_EMPTY_BODY = YES;
				CLANG_WARN_ENUM_CONVERSION = YES;
				CLANG_WARN_INFINITE_RECURSION = YES;
				CLANG_WARN_INT_CONVERSION = YES;
				CLANG_WARN_NON_LITERAL_NULL_CONVERSION = YES;
				CLANG_WARN_OBJC_LITERAL_CONVERSION = YES;
				CLANG_WARN_OBJC_ROOT_CLASS = YES_ERROR;
				CLANG_WARN_RANGE_LOOP_ANALYSIS = YES;
				CLANG_WARN_STRICT_PROTOTYPES = YES;
				CLANG_WARN_SUSPICIOUS_MOVE = YES;
				CLANG_WARN_UNGUARDED_AVAILABILITY = YES_AGGRESSIVE;
				CLANG_WARN_UNREACHABLE_CODE = YES;
				CLANG_WARN__DUPLICATE_METHOD_MATCH = YES;
				CODE_SIGN_IDENTITY = "iPhone Developer";
				COPY_PHASE_STRIP = NO;
				DEBUG_INFORMATION_FORMAT = "dwarf-with-dsym";
				ENABLE_NS_ASSERTIONS = NO;
				ENABLE_STRICT_OBJC_MSGSEND = YES;
				GCC_C_LANGUAGE_STANDARD = gnu11;
				GCC_NO_COMMON_BLOCKS = YES;
				GCC_WARN_64_TO_32_BIT_CONVERSION = YES;
				GCC_WARN_ABOUT_RETURN_TYPE = YES_ERROR;
				GCC_WARN_UNDECLARED_SELECTOR = YES;
				GCC_WARN_UNINITIALIZED_AUTOS = YES_AGGRESSIVE;
				GCC_WARN_UNUSED_FUNCTION = YES;
				GCC_WARN_UNUSED_VARIABLE = YES;
				IPHONEOS_DEPLOYMENT_TARGET = 11.2;
				MTL_ENABLE_DEBUG_INFO = NO;
				SDKROOT = iphoneos;
				SWIFT_OPTIMIZATION_LEVEL = "-Owholemodule";
				VALIDATE_PRODUCT = YES;
			};
			name = Release;
		};
		3764DE2E207090580074C1C7 /* Debug */ = {
			isa = XCBuildConfiguration;
			baseConfigurationReference = 61758AE91362AEB0CE441F9A /* Pods-ServerlessContactAppExample.debug.xcconfig */;
			buildSettings = {
				ASSETCATALOG_COMPILER_APPICON_NAME = AppIcon;
				CODE_SIGN_STYLE = Automatic;
				DEVELOPMENT_TEAM = U34SUZJMKE;
				INFOPLIST_FILE = ServerlessContactAppExample/Info.plist;
				IPHONEOS_DEPLOYMENT_TARGET = 11.0;
				LD_RUNPATH_SEARCH_PATHS = "$(inherited) @executable_path/Frameworks";
				PRODUCT_BUNDLE_IDENTIFIER = net.urouro.ServerlessContactAppExample;
				PRODUCT_NAME = "$(TARGET_NAME)";
				SWIFT_VERSION = 4.0;
				TARGETED_DEVICE_FAMILY = "1,2";
			};
			name = Debug;
		};
		3764DE2F207090580074C1C7 /* Release */ = {
			isa = XCBuildConfiguration;
			baseConfigurationReference = 7018C0542053591F799CD997 /* Pods-ServerlessContactAppExample.release.xcconfig */;
			buildSettings = {
				ASSETCATALOG_COMPILER_APPICON_NAME = AppIcon;
				CODE_SIGN_STYLE = Automatic;
				DEVELOPMENT_TEAM = U34SUZJMKE;
				INFOPLIST_FILE = ServerlessContactAppExample/Info.plist;
				IPHONEOS_DEPLOYMENT_TARGET = 11.0;
				LD_RUNPATH_SEARCH_PATHS = "$(inherited) @executable_path/Frameworks";
				PRODUCT_BUNDLE_IDENTIFIER = net.urouro.ServerlessContactAppExample;
				PRODUCT_NAME = "$(TARGET_NAME)";
				SWIFT_VERSION = 4.0;
				TARGETED_DEVICE_FAMILY = "1,2";
			};
			name = Release;
		};
/* End XCBuildConfiguration section */

/* Begin XCConfigurationList section */
		3764DE16207090570074C1C7 /* Build configuration list for PBXProject "ServerlessContactAppExample" */ = {
			isa = XCConfigurationList;
			buildConfigurations = (
				3764DE2B207090580074C1C7 /* Debug */,
				3764DE2C207090580074C1C7 /* Release */,
			);
			defaultConfigurationIsVisible = 0;
			defaultConfigurationName = Release;
		};
		3764DE2D207090580074C1C7 /* Build configuration list for PBXNativeTarget "ServerlessContactAppExample" */ = {
			isa = XCConfigurationList;
			buildConfigurations = (
				3764DE2E207090580074C1C7 /* Debug */,
				3764DE2F207090580074C1C7 /* Release */,
			);
			defaultConfigurationIsVisible = 0;
			defaultConfigurationName = Release;
		};
/* End XCConfigurationList section */
	};
	rootObject = 3764DE13207090570074C1C7 /* Project object */;
}
